
Microsoft Visual Studio Solution File, Format Version 12.00
# Visual Studio Version 17
VisualStudioVersion = 17.0.31903.59
MinimumVisualStudioVersion = 10.0.40219.1
Project("{FAE04EC0-301F-11D3-BF4B-00C04F79EFBC}") = "BasicBlazor.Web", "BasicBlazor.Web\BasicBlazor.Web.csproj", "{443B47C1-CA49-471E-9BF0-AEDB170AAF34}"
EndProject
Project("{FAE04EC0-301F-11D3-BF4B-00C04F79EFBC}") = "BasicBlazor.Data", "BasicBlazor.Data\BasicBlazor.Data.csproj", "{43E67E20-6EDF-40E0-BF9E-CCBEDB383A93}"
EndProject
Project("{FAE04EC0-301F-11D3-BF4B-00C04F79EFBC}") = "BasicBlazor.Tests", "BasicBlazor.Tests\BasicBlazor.Tests.csproj", "{E544FCD4-FC04-485D-BCF0-B164BD4E1F37}"
EndProject
Global
	GlobalSection(SolutionConfigurationPlatforms) = preSolution
		Debug|Any CPU = Debug|Any CPU
		Debug|x64 = Debug|x64
		Debug|x86 = Debug|x86
		Release|Any CPU = Release|Any CPU
		Release|x64 = Release|x64
		Release|x86 = Release|x86
	EndGlobalSection
	GlobalSection(ProjectConfigurationPlatforms) = postSolution
		{443B47C1-CA49-471E-9BF0-AEDB170AAF34}.Debug|Any CPU.ActiveCfg = Debug|Any CPU
		{443B47C1-CA49-471E-9BF0-AEDB170AAF34}.Debug|Any CPU.Build.0 = Debug|Any CPU
		{443B47C1-CA49-471E-9BF0-AEDB170AAF34}.Debug|x64.ActiveCfg = Debug|Any CPU
		{443B47C1-CA49-471E-9BF0-AEDB170AAF34}.Debug|x64.Build.0 = Debug|Any CPU
		{443B47C1-CA49-471E-9BF0-AEDB170AAF34}.Debug|x86.ActiveCfg = Debug|Any CPU
		{443B47C1-CA49-471E-9BF0-AEDB170AAF34}.Debug|x86.Build.0 = Debug|Any CPU
		{443B47C1-CA49-471E-9BF0-AEDB170AAF34}.Release|Any CPU.ActiveCfg = Release|Any CPU
		{443B47C1-CA49-471E-9BF0-AEDB170AAF34}.Release|Any CPU.Build.0 = Release|Any CPU
		{443B47C1-CA49-471E-9BF0-AEDB170AAF34}.Release|x64.ActiveCfg = Release|Any CPU
		{443B47C1-CA49-471E-9BF0-AEDB170AAF34}.Release|x64.Build.0 = Release|Any CPU
		{443B47C1-CA49-471E-9BF0-AEDB170AAF34}.Release|x86.ActiveCfg = Release|Any CPU
		{443B47C1-CA49-471E-9BF0-AEDB170AAF34}.Release|x86.Build.0 = Release|Any CPU
		{43E67E20-6EDF-40E0-BF9E-CCBEDB383A93}.Debug|Any CPU.ActiveCfg = Debug|Any CPU
		{43E67E20-6EDF-40E0-BF9E-CCBEDB383A93}.Debug|Any CPU.Build.0 = Debug|Any CPU
		{43E67E20-6EDF-40E0-BF9E-CCBEDB383A93}.Debug|x64.ActiveCfg = Debug|Any CPU
		{43E67E20-6EDF-40E0-BF9E-CCBEDB383A93}.Debug|x64.Build.0 = Debug|Any CPU
		{43E67E20-6EDF-40E0-BF9E-CCBEDB383A93}.Debug|x86.ActiveCfg = Debug|Any CPU
		{43E67E20-6EDF-40E0-BF9E-CCBEDB383A93}.Debug|x86.Build.0 = Debug|Any CPU
		{43E67E20-6EDF-40E0-BF9E-CCBEDB383A93}.Release|Any CPU.ActiveCfg = Release|Any CPU
		{43E67E20-6EDF-40E0-BF9E-CCBEDB383A93}.Release|Any CPU.Build.0 = Release|Any CPU
		{43E67E20-6EDF-40E0-BF9E-CCBEDB383A93}.Release|x64.ActiveCfg = Release|Any CPU
		{43E67E20-6EDF-40E0-BF9E-CCBEDB383A93}.Release|x64.Build.0 = Release|Any CPU
		{43E67E20-6EDF-40E0-BF9E-CCBEDB383A93}.Release|x86.ActiveCfg = Release|Any CPU
		{43E67E20-6EDF-40E0-BF9E-CCBEDB383A93}.Release|x86.Build.0 = Release|Any CPU
		{E544FCD4-FC04-485D-BCF0-B164BD4E1F37}.Debug|Any CPU.ActiveCfg = Debug|Any CPU
		{E544FCD4-FC04-485D-BCF0-B164BD4E1F37}.Debug|Any CPU.Build.0 = Debug|Any CPU
		{E544FCD4-FC04-485D-BCF0-B164BD4E1F37}.Debug|x64.ActiveCfg = Debug|Any CPU
		{E544FCD4-FC04-485D-BCF0-B164BD4E1F37}.Debug|x64.Build.0 = Debug|Any CPU
		{E544FCD4-FC04-485D-BCF0-B164BD4E1F37}.Debug|x86.ActiveCfg = Debug|Any CPU
		{E544FCD4-FC04-485D-BCF0-B164BD4E1F37}.Debug|x86.Build.0 = Debug|Any CPU
		{E544FCD4-FC04-485D-BCF0-B164BD4E1F37}.Release|Any CPU.ActiveCfg = Release|Any CPU
		{E544FCD4-FC04-485D-BCF0-B164BD4E1F37}.Release|Any CPU.Build.0 = Release|Any CPU
		{E544FCD4-FC04-485D-BCF0-B164BD4E1F37}.Release|x64.ActiveCfg = Release|Any CPU
		{E544FCD4-FC04-485D-BCF0-B164BD4E1F37}.Release|x64.Build.0 = Release|Any CPU
		{E544FCD4-FC04-485D-BCF0-B164BD4E1F37}.Release|x86.ActiveCfg = Release|Any CPU
		{E544FCD4-FC04-485D-BCF0-B164BD4E1F37}.Release|x86.Build.0 = Release|Any CPU
	EndGlobalSection
	GlobalSection(SolutionProperties) = preSolution
		HideSolutionNode = FALSE
	EndGlobalSection
EndGlobal
